
Microsoft Visual Studio Solution File, Format Version 12.00
# Visual Studio Version 17
VisualStudioVersion = 17.0.31903.59
MinimumVisualStudioVersion = 10.0.40219.1
Project("{2150E333-8FDC-42A3-9474-1A3956D46DE8}") = "Section01_EstruturaBasicaCSharp", "Section01_EstruturaBasicaCSharp", "{8E4CBF3D-C622-4CF4-ADE0-02E1B9B679B1}"
EndProject
Project("{FAE04EC0-301F-11D3-BF4B-00C04F79EFBC}") = "PrimeiroProjeto", "Section01_EstruturaBasicaCSharp\PrimeiroProjeto\PrimeiroProjeto.csproj", "{B5EABA59-CF66-4845-A3F0-65BD0E36DB86}"
EndProject
Project("{2150E333-8FDC-42A3-9474-1A3956D46DE8}") = "Section02_RecapitulacaoLogicaCSharp", "Section02_RecapitulacaoLogicaCSharp", "{335844A2-19FF-4906-BF30-567B37F02E99}"
EndProject
Project("{FAE04EC0-301F-11D3-BF4B-00C04F79EFBC}") = "Parte1_EntradaDeDados", "Section02_RecapitulacaoLogicaCSharp\Parte1_EntradaDeDados\Parte1_EntradaDeDados.csproj", "{F970AC30-A4E7-4712-B520-EAC3E315FF02}"
EndProject
Project("{FAE04EC0-301F-11D3-BF4B-00C04F79EFBC}") = "Parte1_SaidaDeDados", "Section02_RecapitulacaoLogicaCSharp\Parte1_SaidaDeDados\Parte1_SaidaDeDados.csproj", "{41B36687-E41A-4655-B0F0-E875B254FE8E}"
EndProject
Project("{2150E333-8FDC-42A3-9474-1A3956D46DE8}") = "Parte2_EstruturaCondicional", "Parte2_EstruturaCondicional", "{68699A6B-7BA5-4D6C-AD75-21EC2D4F31EC}"
EndProject
Project("{FAE04EC0-301F-11D3-BF4B-00C04F79EFBC}") = "Exercicio01_NumeroNegativo", "Section02_RecapitulacaoLogicaCSharp\Parte2_EstruturaCondicional\Exercicio01_NumeroNegativo\Exercicio01_NumeroNegativo.csproj", "{686CB07F-970B-4768-B855-1E3BD450CB54}"
EndProject
Project("{FAE04EC0-301F-11D3-BF4B-00C04F79EFBC}") = "Exercicio02_ParOuImpar", "Section02_RecapitulacaoLogicaCSharp\Parte2_EstruturaCondicional\Exercicio02_ParOuImpar\Exercicio02_ParOuImpar.csproj", "{BE5DB8A1-6719-404B-A1AF-D6CD2C79A689}"
EndProject
Project("{FAE04EC0-301F-11D3-BF4B-00C04F79EFBC}") = "Exercicio03_Multiplos", "Section02_RecapitulacaoLogicaCSharp\Parte2_EstruturaCondicional\Exercicio03_Multiplos\Exercicio03_Multiplos.csproj", "{EAA3463E-44C0-4811-BB03-3263616C7469}"
EndProject
Project("{FAE04EC0-301F-11D3-BF4B-00C04F79EFBC}") = "Exercicio04_DuracaoJogo", "Section02_RecapitulacaoLogicaCSharp\Parte2_EstruturaCondicional\Exercicio04_DuracaoJogo\Exercicio04_DuracaoJogo.csproj", "{B057E849-D1F5-44B0-89A5-999E191464AA}"
EndProject
Project("{FAE04EC0-301F-11D3-BF4B-00C04F79EFBC}") = "Exercicio05_Lanchonete", "Section02_RecapitulacaoLogicaCSharp\Parte2_EstruturaCondicional\Exercicio05_Lanchonete\Exercicio05_Lanchonete.csproj", "{3FE4580E-8BB8-4C28-82FD-4526A3083A40}"
EndProject
Project("{FAE04EC0-301F-11D3-BF4B-00C04F79EFBC}") = "Exercicio06_Intervalos", "Section02_RecapitulacaoLogicaCSharp\Parte2_EstruturaCondicional\Exercicio06_Intervalos\Exercicio06_Intervalos.csproj", "{8BF88E85-2DBE-4CB2-8B9E-9677B847B78E}"
EndProject
Project("{FAE04EC0-301F-11D3-BF4B-00C04F79EFBC}") = "Exercicio07_Quadrantes", "Section02_RecapitulacaoLogicaCSharp\Parte2_EstruturaCondicional\Exercicio07_Quadrantes\Exercicio07_Quadrantes.csproj", "{FB944061-AE6B-44AD-9191-BFEDF4ED2672}"
EndProject
Project("{FAE04EC0-301F-11D3-BF4B-00C04F79EFBC}") = "Exercicio08_ImpostoDeRenda", "Section02_RecapitulacaoLogicaCSharp\Parte2_EstruturaCondicional\Exercicio08_ImpostoDeRenda\Exercicio08_ImpostoDeRenda.csproj", "{1D9DF2D1-7755-4756-9D71-CBB5FFB08BE0}"
EndProject
Global
	GlobalSection(SolutionProperties) = preSolution
		HideSolutionNode = FALSE
	EndGlobalSection
	GlobalSection(SolutionConfigurationPlatforms) = preSolution
		Debug|Any CPU = Debug|Any CPU
		Debug|x64 = Debug|x64
		Debug|x86 = Debug|x86
		Release|Any CPU = Release|Any CPU
		Release|x64 = Release|x64
		Release|x86 = Release|x86
	EndGlobalSection
	GlobalSection(ProjectConfigurationPlatforms) = postSolution
		{B5EABA59-CF66-4845-A3F0-65BD0E36DB86}.Debug|Any CPU.ActiveCfg = Debug|Any CPU
		{B5EABA59-CF66-4845-A3F0-65BD0E36DB86}.Debug|Any CPU.Build.0 = Debug|Any CPU
		{B5EABA59-CF66-4845-A3F0-65BD0E36DB86}.Debug|x64.ActiveCfg = Debug|Any CPU
		{B5EABA59-CF66-4845-A3F0-65BD0E36DB86}.Debug|x64.Build.0 = Debug|Any CPU
		{B5EABA59-CF66-4845-A3F0-65BD0E36DB86}.Debug|x86.ActiveCfg = Debug|Any CPU
		{B5EABA59-CF66-4845-A3F0-65BD0E36DB86}.Debug|x86.Build.0 = Debug|Any CPU
		{B5EABA59-CF66-4845-A3F0-65BD0E36DB86}.Release|Any CPU.ActiveCfg = Release|Any CPU
		{B5EABA59-CF66-4845-A3F0-65BD0E36DB86}.Release|Any CPU.Build.0 = Release|Any CPU
		{B5EABA59-CF66-4845-A3F0-65BD0E36DB86}.Release|x64.ActiveCfg = Release|Any CPU
		{B5EABA59-CF66-4845-A3F0-65BD0E36DB86}.Release|x64.Build.0 = Release|Any CPU
		{B5EABA59-CF66-4845-A3F0-65BD0E36DB86}.Release|x86.ActiveCfg = Release|Any CPU
		{B5EABA59-CF66-4845-A3F0-65BD0E36DB86}.Release|x86.Build.0 = Release|Any CPU
		{F970AC30-A4E7-4712-B520-EAC3E315FF02}.Debug|Any CPU.ActiveCfg = Debug|Any CPU
		{F970AC30-A4E7-4712-B520-EAC3E315FF02}.Debug|Any CPU.Build.0 = Debug|Any CPU
		{F970AC30-A4E7-4712-B520-EAC3E315FF02}.Debug|x64.ActiveCfg = Debug|Any CPU
		{F970AC30-A4E7-4712-B520-EAC3E315FF02}.Debug|x64.Build.0 = Debug|Any CPU
		{F970AC30-A4E7-4712-B520-EAC3E315FF02}.Debug|x86.ActiveCfg = Debug|Any CPU
		{F970AC30-A4E7-4712-B520-EAC3E315FF02}.Debug|x86.Build.0 = Debug|Any CPU
		{F970AC30-A4E7-4712-B520-EAC3E315FF02}.Release|Any CPU.ActiveCfg = Release|Any CPU
		{F970AC30-A4E7-4712-B520-EAC3E315FF02}.Release|Any CPU.Build.0 = Release|Any CPU
		{F970AC30-A4E7-4712-B520-EAC3E315FF02}.Release|x64.ActiveCfg = Release|Any CPU
		{F970AC30-A4E7-4712-B520-EAC3E315FF02}.Release|x64.Build.0 = Release|Any CPU
		{F970AC30-A4E7-4712-B520-EAC3E315FF02}.Release|x86.ActiveCfg = Release|Any CPU
		{F970AC30-A4E7-4712-B520-EAC3E315FF02}.Release|x86.Build.0 = Release|Any CPU
		{41B36687-E41A-4655-B0F0-E875B254FE8E}.Debug|Any CPU.ActiveCfg = Debug|Any CPU
		{41B36687-E41A-4655-B0F0-E875B254FE8E}.Debug|Any CPU.Build.0 = Debug|Any CPU
		{41B36687-E41A-4655-B0F0-E875B254FE8E}.Debug|x64.ActiveCfg = Debug|Any CPU
		{41B36687-E41A-4655-B0F0-E875B254FE8E}.Debug|x64.Build.0 = Debug|Any CPU
		{41B36687-E41A-4655-B0F0-E875B254FE8E}.Debug|x86.ActiveCfg = Debug|Any CPU
		{41B36687-E41A-4655-B0F0-E875B254FE8E}.Debug|x86.Build.0 = Debug|Any CPU
		{41B36687-E41A-4655-B0F0-E875B254FE8E}.Release|Any CPU.ActiveCfg = Release|Any CPU
		{41B36687-E41A-4655-B0F0-E875B254FE8E}.Release|Any CPU.Build.0 = Release|Any CPU
		{41B36687-E41A-4655-B0F0-E875B254FE8E}.Release|x64.ActiveCfg = Release|Any CPU
		{41B36687-E41A-4655-B0F0-E875B254FE8E}.Release|x64.Build.0 = Release|Any CPU
		{41B36687-E41A-4655-B0F0-E875B254FE8E}.Release|x86.ActiveCfg = Release|Any CPU
		{41B36687-E41A-4655-B0F0-E875B254FE8E}.Release|x86.Build.0 = Release|Any CPU
		{686CB07F-970B-4768-B855-1E3BD450CB54}.Debug|Any CPU.ActiveCfg = Debug|Any CPU
		{686CB07F-970B-4768-B855-1E3BD450CB54}.Debug|Any CPU.Build.0 = Debug|Any CPU
		{686CB07F-970B-4768-B855-1E3BD450CB54}.Debug|x64.ActiveCfg = Debug|Any CPU
		{686CB07F-970B-4768-B855-1E3BD450CB54}.Debug|x64.Build.0 = Debug|Any CPU
		{686CB07F-970B-4768-B855-1E3BD450CB54}.Debug|x86.ActiveCfg = Debug|Any CPU
		{686CB07F-970B-4768-B855-1E3BD450CB54}.Debug|x86.Build.0 = Debug|Any CPU
		{686CB07F-970B-4768-B855-1E3BD450CB54}.Release|Any CPU.ActiveCfg = Release|Any CPU
		{686CB07F-970B-4768-B855-1E3BD450CB54}.Release|Any CPU.Build.0 = Release|Any CPU
		{686CB07F-970B-4768-B855-1E3BD450CB54}.Release|x64.ActiveCfg = Release|Any CPU
		{686CB07F-970B-4768-B855-1E3BD450CB54}.Release|x64.Build.0 = Release|Any CPU
		{686CB07F-970B-4768-B855-1E3BD450CB54}.Release|x86.ActiveCfg = Release|Any CPU
		{686CB07F-970B-4768-B855-1E3BD450CB54}.Release|x86.Build.0 = Release|Any CPU
		{BE5DB8A1-6719-404B-A1AF-D6CD2C79A689}.Debug|Any CPU.ActiveCfg = Debug|Any CPU
		{BE5DB8A1-6719-404B-A1AF-D6CD2C79A689}.Debug|Any CPU.Build.0 = Debug|Any CPU
		{BE5DB8A1-6719-404B-A1AF-D6CD2C79A689}.Debug|x64.ActiveCfg = Debug|Any CPU
		{BE5DB8A1-6719-404B-A1AF-D6CD2C79A689}.Debug|x64.Build.0 = Debug|Any CPU
		{BE5DB8A1-6719-404B-A1AF-D6CD2C79A689}.Debug|x86.ActiveCfg = Debug|Any CPU
		{BE5DB8A1-6719-404B-A1AF-D6CD2C79A689}.Debug|x86.Build.0 = Debug|Any CPU
		{BE5DB8A1-6719-404B-A1AF-D6CD2C79A689}.Release|Any CPU.ActiveCfg = Release|Any CPU
		{BE5DB8A1-6719-404B-A1AF-D6CD2C79A689}.Release|Any CPU.Build.0 = Release|Any CPU
		{BE5DB8A1-6719-404B-A1AF-D6CD2C79A689}.Release|x64.ActiveCfg = Release|Any CPU
		{BE5DB8A1-6719-404B-A1AF-D6CD2C79A689}.Release|x64.Build.0 = Release|Any CPU
		{BE5DB8A1-6719-404B-A1AF-D6CD2C79A689}.Release|x86.ActiveCfg = Release|Any CPU
		{BE5DB8A1-6719-404B-A1AF-D6CD2C79A689}.Release|x86.Build.0 = Release|Any CPU
		{EAA3463E-44C0-4811-BB03-3263616C7469}.Debug|Any CPU.ActiveCfg = Debug|Any CPU
		{EAA3463E-44C0-4811-BB03-3263616C7469}.Debug|Any CPU.Build.0 = Debug|Any CPU
		{EAA3463E-44C0-4811-BB03-3263616C7469}.Debug|x64.ActiveCfg = Debug|Any CPU
		{EAA3463E-44C0-4811-BB03-3263616C7469}.Debug|x64.Build.0 = Debug|Any CPU
		{EAA3463E-44C0-4811-BB03-3263616C7469}.Debug|x86.ActiveCfg = Debug|Any CPU
		{EAA3463E-44C0-4811-BB03-3263616C7469}.Debug|x86.Build.0 = Debug|Any CPU
		{EAA3463E-44C0-4811-BB03-3263616C7469}.Release|Any CPU.ActiveCfg = Release|Any CPU
		{EAA3463E-44C0-4811-BB03-3263616C7469}.Release|Any CPU.Build.0 = Release|Any CPU
		{EAA3463E-44C0-4811-BB03-3263616C7469}.Release|x64.ActiveCfg = Release|Any CPU
		{EAA3463E-44C0-4811-BB03-3263616C7469}.Release|x64.Build.0 = Release|Any CPU
		{EAA3463E-44C0-4811-BB03-3263616C7469}.Release|x86.ActiveCfg = Release|Any CPU
		{EAA3463E-44C0-4811-BB03-3263616C7469}.Release|x86.Build.0 = Release|Any CPU
		{B057E849-D1F5-44B0-89A5-999E191464AA}.Debug|Any CPU.ActiveCfg = Debug|Any CPU
		{B057E849-D1F5-44B0-89A5-999E191464AA}.Debug|Any CPU.Build.0 = Debug|Any CPU
		{B057E849-D1F5-44B0-89A5-999E191464AA}.Debug|x64.ActiveCfg = Debug|Any CPU
		{B057E849-D1F5-44B0-89A5-999E191464AA}.Debug|x64.Build.0 = Debug|Any CPU
		{B057E849-D1F5-44B0-89A5-999E191464AA}.Debug|x86.ActiveCfg = Debug|Any CPU
		{B057E849-D1F5-44B0-89A5-999E191464AA}.Debug|x86.Build.0 = Debug|Any CPU
		{B057E849-D1F5-44B0-89A5-999E191464AA}.Release|Any CPU.ActiveCfg = Release|Any CPU
		{B057E849-D1F5-44B0-89A5-999E191464AA}.Release|Any CPU.Build.0 = Release|Any CPU
		{B057E849-D1F5-44B0-89A5-999E191464AA}.Release|x64.ActiveCfg = Release|Any CPU
		{B057E849-D1F5-44B0-89A5-999E191464AA}.Release|x64.Build.0 = Release|Any CPU
		{B057E849-D1F5-44B0-89A5-999E191464AA}.Release|x86.ActiveCfg = Release|Any CPU
		{B057E849-D1F5-44B0-89A5-999E191464AA}.Release|x86.Build.0 = Release|Any CPU
		{3FE4580E-8BB8-4C28-82FD-4526A3083A40}.Debug|Any CPU.ActiveCfg = Debug|Any CPU
		{3FE4580E-8BB8-4C28-82FD-4526A3083A40}.Debug|Any CPU.Build.0 = Debug|Any CPU
		{3FE4580E-8BB8-4C28-82FD-4526A3083A40}.Debug|x64.ActiveCfg = Debug|Any CPU
		{3FE4580E-8BB8-4C28-82FD-4526A3083A40}.Debug|x64.Build.0 = Debug|Any CPU
		{3FE4580E-8BB8-4C28-82FD-4526A3083A40}.Debug|x86.ActiveCfg = Debug|Any CPU
		{3FE4580E-8BB8-4C28-82FD-4526A3083A40}.Debug|x86.Build.0 = Debug|Any CPU
		{3FE4580E-8BB8-4C28-82FD-4526A3083A40}.Release|Any CPU.ActiveCfg = Release|Any CPU
		{3FE4580E-8BB8-4C28-82FD-4526A3083A40}.Release|Any CPU.Build.0 = Release|Any CPU
		{3FE4580E-8BB8-4C28-82FD-4526A3083A40}.Release|x64.ActiveCfg = Release|Any CPU
		{3FE4580E-8BB8-4C28-82FD-4526A3083A40}.Release|x64.Build.0 = Release|Any CPU
		{3FE4580E-8BB8-4C28-82FD-4526A3083A40}.Release|x86.ActiveCfg = Release|Any CPU
		{3FE4580E-8BB8-4C28-82FD-4526A3083A40}.Release|x86.Build.0 = Release|Any CPU
		{8BF88E85-2DBE-4CB2-8B9E-9677B847B78E}.Debug|Any CPU.ActiveCfg = Debug|Any CPU
		{8BF88E85-2DBE-4CB2-8B9E-9677B847B78E}.Debug|Any CPU.Build.0 = Debug|Any CPU
		{8BF88E85-2DBE-4CB2-8B9E-9677B847B78E}.Debug|x64.ActiveCfg = Debug|Any CPU
		{8BF88E85-2DBE-4CB2-8B9E-9677B847B78E}.Debug|x64.Build.0 = Debug|Any CPU
		{8BF88E85-2DBE-4CB2-8B9E-9677B847B78E}.Debug|x86.ActiveCfg = Debug|Any CPU
		{8BF88E85-2DBE-4CB2-8B9E-9677B847B78E}.Debug|x86.Build.0 = Debug|Any CPU
		{8BF88E85-2DBE-4CB2-8B9E-9677B847B78E}.Release|Any CPU.ActiveCfg = Release|Any CPU
		{8BF88E85-2DBE-4CB2-8B9E-9677B847B78E}.Release|Any CPU.Build.0 = Release|Any CPU
		{8BF88E85-2DBE-4CB2-8B9E-9677B847B78E}.Release|x64.ActiveCfg = Release|Any CPU
		{8BF88E85-2DBE-4CB2-8B9E-9677B847B78E}.Release|x64.Build.0 = Release|Any CPU
		{8BF88E85-2DBE-4CB2-8B9E-9677B847B78E}.Release|x86.ActiveCfg = Release|Any CPU
		{8BF88E85-2DBE-4CB2-8B9E-9677B847B78E}.Release|x86.Build.0 = Release|Any CPU
		{FB944061-AE6B-44AD-9191-BFEDF4ED2672}.Debug|Any CPU.ActiveCfg = Debug|Any CPU
		{FB944061-AE6B-44AD-9191-BFEDF4ED2672}.Debug|Any CPU.Build.0 = Debug|Any CPU
		{FB944061-AE6B-44AD-9191-BFEDF4ED2672}.Debug|x64.ActiveCfg = Debug|Any CPU
		{FB944061-AE6B-44AD-9191-BFEDF4ED2672}.Debug|x64.Build.0 = Debug|Any CPU
		{FB944061-AE6B-44AD-9191-BFEDF4ED2672}.Debug|x86.ActiveCfg = Debug|Any CPU
		{FB944061-AE6B-44AD-9191-BFEDF4ED2672}.Debug|x86.Build.0 = Debug|Any CPU
		{FB944061-AE6B-44AD-9191-BFEDF4ED2672}.Release|Any CPU.ActiveCfg = Release|Any CPU
		{FB944061-AE6B-44AD-9191-BFEDF4ED2672}.Release|Any CPU.Build.0 = Release|Any CPU
		{FB944061-AE6B-44AD-9191-BFEDF4ED2672}.Release|x64.ActiveCfg = Release|Any CPU
		{FB944061-AE6B-44AD-9191-BFEDF4ED2672}.Release|x64.Build.0 = Release|Any CPU
		{FB944061-AE6B-44AD-9191-BFEDF4ED2672}.Release|x86.ActiveCfg = Release|Any CPU
		{FB944061-AE6B-44AD-9191-BFEDF4ED2672}.Release|x86.Build.0 = Release|Any CPU
		{1D9DF2D1-7755-4756-9D71-CBB5FFB08BE0}.Debug|Any CPU.ActiveCfg = Debug|Any CPU
		{1D9DF2D1-7755-4756-9D71-CBB5FFB08BE0}.Debug|Any CPU.Build.0 = Debug|Any CPU
		{1D9DF2D1-7755-4756-9D71-CBB5FFB08BE0}.Debug|x64.ActiveCfg = Debug|Any CPU
		{1D9DF2D1-7755-4756-9D71-CBB5FFB08BE0}.Debug|x64.Build.0 = Debug|Any CPU
		{1D9DF2D1-7755-4756-9D71-CBB5FFB08BE0}.Debug|x86.ActiveCfg = Debug|Any CPU
		{1D9DF2D1-7755-4756-9D71-CBB5FFB08BE0}.Debug|x86.Build.0 = Debug|Any CPU
		{1D9DF2D1-7755-4756-9D71-CBB5FFB08BE0}.Release|Any CPU.ActiveCfg = Release|Any CPU
		{1D9DF2D1-7755-4756-9D71-CBB5FFB08BE0}.Release|Any CPU.Build.0 = Release|Any CPU
		{1D9DF2D1-7755-4756-9D71-CBB5FFB08BE0}.Release|x64.ActiveCfg = Release|Any CPU
		{1D9DF2D1-7755-4756-9D71-CBB5FFB08BE0}.Release|x64.Build.0 = Release|Any CPU
		{1D9DF2D1-7755-4756-9D71-CBB5FFB08BE0}.Release|x86.ActiveCfg = Release|Any CPU
		{1D9DF2D1-7755-4756-9D71-CBB5FFB08BE0}.Release|x86.Build.0 = Release|Any CPU
	EndGlobalSection
	GlobalSection(NestedProjects) = preSolution
		{B5EABA59-CF66-4845-A3F0-65BD0E36DB86} = {8E4CBF3D-C622-4CF4-ADE0-02E1B9B679B1}
		{F970AC30-A4E7-4712-B520-EAC3E315FF02} = {335844A2-19FF-4906-BF30-567B37F02E99}
		{41B36687-E41A-4655-B0F0-E875B254FE8E} = {335844A2-19FF-4906-BF30-567B37F02E99}
		{68699A6B-7BA5-4D6C-AD75-21EC2D4F31EC} = {335844A2-19FF-4906-BF30-567B37F02E99}
		{686CB07F-970B-4768-B855-1E3BD450CB54} = {68699A6B-7BA5-4D6C-AD75-21EC2D4F31EC}
		{BE5DB8A1-6719-404B-A1AF-D6CD2C79A689} = {68699A6B-7BA5-4D6C-AD75-21EC2D4F31EC}
		{EAA3463E-44C0-4811-BB03-3263616C7469} = {68699A6B-7BA5-4D6C-AD75-21EC2D4F31EC}
		{B057E849-D1F5-44B0-89A5-999E191464AA} = {68699A6B-7BA5-4D6C-AD75-21EC2D4F31EC}
		{3FE4580E-8BB8-4C28-82FD-4526A3083A40} = {68699A6B-7BA5-4D6C-AD75-21EC2D4F31EC}
		{8BF88E85-2DBE-4CB2-8B9E-9677B847B78E} = {68699A6B-7BA5-4D6C-AD75-21EC2D4F31EC}
		{FB944061-AE6B-44AD-9191-BFEDF4ED2672} = {68699A6B-7BA5-4D6C-AD75-21EC2D4F31EC}
		{1D9DF2D1-7755-4756-9D71-CBB5FFB08BE0} = {68699A6B-7BA5-4D6C-AD75-21EC2D4F31EC}
	EndGlobalSection
EndGlobal
